// !$*UTF8*$!
{
	archiveVersion = 1;
	classes = {
	};
	objectVersion = 52;
	objects = {

/* Begin PBXBuildFile section */
		301DE265245A1AC900C58F67 /* CollectionViewCell.swift in Sources */ = {isa = PBXBuildFile; fileRef = 301DE264245A1AC900C58F67 /* CollectionViewCell.swift */; };
		301DE268245A1CCF00C58F67 /* AddImageViewController.swift in Sources */ = {isa = PBXBuildFile; fileRef = 301DE267245A1CCF00C58F67 /* AddImageViewController.swift */; };
		30B3DF3123DE597E007C3888 /* ImageStruct.swift in Sources */ = {isa = PBXBuildFile; fileRef = 30B3DF3023DE597E007C3888 /* ImageStruct.swift */; };
		30B3DF3423DE5A89007C3888 /* ImageKit in Frameworks */ = {isa = PBXBuildFile; productRef = 30B3DF3323DE5A89007C3888 /* ImageKit */; };
		30B3DF3623DE5AB6007C3888 /* PersistenceHelper.swift in Sources */ = {isa = PBXBuildFile; fileRef = 30B3DF3523DE5AB6007C3888 /* PersistenceHelper.swift */; };
		30B3DF3823DE5B9A007C3888 /* FileManager+Extensions.swift in Sources */ = {isa = PBXBuildFile; fileRef = 30B3DF3723DE5B9A007C3888 /* FileManager+Extensions.swift */; };
		30BE467323DB39A600B74ECA /* AppDelegate.swift in Sources */ = {isa = PBXBuildFile; fileRef = 30BE467223DB39A600B74ECA /* AppDelegate.swift */; };
		30BE467523DB39A600B74ECA /* SceneDelegate.swift in Sources */ = {isa = PBXBuildFile; fileRef = 30BE467423DB39A600B74ECA /* SceneDelegate.swift */; };
		30BE467723DB39A600B74ECA /* MainViewController.swift in Sources */ = {isa = PBXBuildFile; fileRef = 30BE467623DB39A600B74ECA /* MainViewController.swift */; };
		30BE467A23DB39A600B74ECA /* Main.storyboard in Resources */ = {isa = PBXBuildFile; fileRef = 30BE467823DB39A600B74ECA /* Main.storyboard */; };
		30BE467C23DB39A800B74ECA /* Assets.xcassets in Resources */ = {isa = PBXBuildFile; fileRef = 30BE467B23DB39A800B74ECA /* Assets.xcassets */; };
		30BE467F23DB39A800B74ECA /* LaunchScreen.storyboard in Resources */ = {isa = PBXBuildFile; fileRef = 30BE467D23DB39A800B74ECA /* LaunchScreen.storyboard */; };
/* End PBXBuildFile section */

/* Begin PBXFileReference section */
		301DE264245A1AC900C58F67 /* CollectionViewCell.swift */ = {isa = PBXFileReference; lastKnownFileType = sourcecode.swift; path = CollectionViewCell.swift; sourceTree = "<group>"; };
		301DE267245A1CCF00C58F67 /* AddImageViewController.swift */ = {isa = PBXFileReference; lastKnownFileType = sourcecode.swift; path = AddImageViewController.swift; sourceTree = "<group>"; };
		30B3DF3023DE597E007C3888 /* ImageStruct.swift */ = {isa = PBXFileReference; lastKnownFileType = sourcecode.swift; path = ImageStruct.swift; sourceTree = "<group>"; };
		30B3DF3523DE5AB6007C3888 /* PersistenceHelper.swift */ = {isa = PBXFileReference; lastKnownFileType = sourcecode.swift; path = PersistenceHelper.swift; sourceTree = "<group>"; };
		30B3DF3723DE5B9A007C3888 /* FileManager+Extensions.swift */ = {isa = PBXFileReference; lastKnownFileType = sourcecode.swift; path = "FileManager+Extensions.swift"; sourceTree = "<group>"; };
		30BE466F23DB39A600B74ECA /* Pursuit-Core-iOS-PhotoJournal-Assignment.app */ = {isa = PBXFileReference; explicitFileType = wrapper.application; includeInIndex = 0; path = "Pursuit-Core-iOS-PhotoJournal-Assignment.app"; sourceTree = BUILT_PRODUCTS_DIR; };
		30BE467223DB39A600B74ECA /* AppDelegate.swift */ = {isa = PBXFileReference; lastKnownFileType = sourcecode.swift; path = AppDelegate.swift; sourceTree = "<group>"; };
		30BE467423DB39A600B74ECA /* SceneDelegate.swift */ = {isa = PBXFileReference; lastKnownFileType = sourcecode.swift; path = SceneDelegate.swift; sourceTree = "<group>"; };
		30BE467623DB39A600B74ECA /* MainViewController.swift */ = {isa = PBXFileReference; lastKnownFileType = sourcecode.swift; path = MainViewController.swift; sourceTree = "<group>"; };
		30BE467923DB39A600B74ECA /* Base */ = {isa = PBXFileReference; lastKnownFileType = file.storyboard; name = Base; path = Base.lproj/Main.storyboard; sourceTree = "<group>"; };
		30BE467B23DB39A800B74ECA /* Assets.xcassets */ = {isa = PBXFileReference; lastKnownFileType = folder.assetcatalog; path = Assets.xcassets; sourceTree = "<group>"; };
		30BE467E23DB39A800B74ECA /* Base */ = {isa = PBXFileReference; lastKnownFileType = file.storyboard; name = Base; path = Base.lproj/LaunchScreen.storyboard; sourceTree = "<group>"; };
		30BE468023DB39A800B74ECA /* Info.plist */ = {isa = PBXFileReference; lastKnownFileType = text.plist.xml; path = Info.plist; sourceTree = "<group>"; };
/* End PBXFileReference section */

/* Begin PBXFrameworksBuildPhase section */
		30BE466C23DB39A600B74ECA /* Frameworks */ = {
			isa = PBXFrameworksBuildPhase;
			buildActionMask = 2147483647;
			files = (
				30B3DF3423DE5A89007C3888 /* ImageKit in Frameworks */,
			);
			runOnlyForDeploymentPostprocessing = 0;
		};
/* End PBXFrameworksBuildPhase section */

/* Begin PBXGroup section */
		30174E56245A751A00BDC512 /* Controller */ = {
			isa = PBXGroup;
			children = (
				30BE467623DB39A600B74ECA /* MainViewController.swift */,
				301DE267245A1CCF00C58F67 /* AddImageViewController.swift */,
				301DE264245A1AC900C58F67 /* CollectionViewCell.swift */,
			);
			path = Controller;
			sourceTree = "<group>";
		};
		30174E57245A755500BDC512 /* File Manager */ = {
			isa = PBXGroup;
			children = (
				30B3DF3523DE5AB6007C3888 /* PersistenceHelper.swift */,
				30B3DF3723DE5B9A007C3888 /* FileManager+Extensions.swift */,
			);
			path = "File Manager";
			sourceTree = "<group>";
		};
		301DE266245A1C8400C58F67 /* Model */ = {
			isa = PBXGroup;
			children = (
				30B3DF3023DE597E007C3888 /* ImageStruct.swift */,
			);
			path = Model;
			sourceTree = "<group>";
		};
		30BE466623DB39A600B74ECA = {
			isa = PBXGroup;
			children = (
				30BE467123DB39A600B74ECA /* Pursuit-Core-iOS-PhotoJournal-Assignment */,
				30BE467023DB39A600B74ECA /* Products */,
			);
			sourceTree = "<group>";
		};
		30BE467023DB39A600B74ECA /* Products */ = {
			isa = PBXGroup;
			children = (
				30BE466F23DB39A600B74ECA /* Pursuit-Core-iOS-PhotoJournal-Assignment.app */,
			);
			name = Products;
			sourceTree = "<group>";
		};
		30BE467123DB39A600B74ECA /* Pursuit-Core-iOS-PhotoJournal-Assignment */ = {
			isa = PBXGroup;
			children = (
				30BE467223DB39A600B74ECA /* AppDelegate.swift */,
				30BE467423DB39A600B74ECA /* SceneDelegate.swift */,
				30174E57245A755500BDC512 /* File Manager */,
				301DE266245A1C8400C58F67 /* Model */,
				30174E56245A751A00BDC512 /* Controller */,
				30BE467823DB39A600B74ECA /* Main.storyboard */,
				30BE467B23DB39A800B74ECA /* Assets.xcassets */,
				30BE467D23DB39A800B74ECA /* LaunchScreen.storyboard */,
				30BE468023DB39A800B74ECA /* Info.plist */,
			);
			path = "Pursuit-Core-iOS-PhotoJournal-Assignment";
			sourceTree = "<group>";
		};
/* End PBXGroup section */

/* Begin PBXNativeTarget section */
		30BE466E23DB39A600B74ECA /* Pursuit-Core-iOS-PhotoJournal-Assignment */ = {
			isa = PBXNativeTarget;
			buildConfigurationList = 30BE468323DB39A800B74ECA /* Build configuration list for PBXNativeTarget "Pursuit-Core-iOS-PhotoJournal-Assignment" */;
			buildPhases = (
				30BE466B23DB39A600B74ECA /* Sources */,
				30BE466C23DB39A600B74ECA /* Frameworks */,
				30BE466D23DB39A600B74ECA /* Resources */,
			);
			buildRules = (
			);
			dependencies = (
			);
			name = "Pursuit-Core-iOS-PhotoJournal-Assignment";
			packageProductDependencies = (
				30B3DF3323DE5A89007C3888 /* ImageKit */,
			);
			productName = "Pursuit-Core-iOS-PhotoJournal-Assignment";
			productReference = 30BE466F23DB39A600B74ECA /* Pursuit-Core-iOS-PhotoJournal-Assignment.app */;
			productType = "com.apple.product-type.application";
		};
/* End PBXNativeTarget section */

/* Begin PBXProject section */
		30BE466723DB39A600B74ECA /* Project object */ = {
			isa = PBXProject;
			attributes = {
				LastSwiftUpdateCheck = 1130;
				LastUpgradeCheck = 1130;
				ORGANIZATIONNAME = "Jaheed Haynes";
				TargetAttributes = {
					30BE466E23DB39A600B74ECA = {
						CreatedOnToolsVersion = 11.3;
					};
				};
			};
			buildConfigurationList = 30BE466A23DB39A600B74ECA /* Build configuration list for PBXProject "Pursuit-Core-iOS-PhotoJournal-Assignment" */;
			compatibilityVersion = "Xcode 9.3";
			developmentRegion = en;
			hasScannedForEncodings = 0;
			knownRegions = (
				en,
				Base,
			);
			mainGroup = 30BE466623DB39A600B74ECA;
			packageReferences = (
				30B3DF3223DE5A89007C3888 /* XCRemoteSwiftPackageReference "ImageKit" */,
			);
			productRefGroup = 30BE467023DB39A600B74ECA /* Products */;
			projectDirPath = "";
			projectRoot = "";
			targets = (
				30BE466E23DB39A600B74ECA /* Pursuit-Core-iOS-PhotoJournal-Assignment */,
			);
		};
/* End PBXProject section */

/* Begin PBXResourcesBuildPhase section */
		30BE466D23DB39A600B74ECA /* Resources */ = {
			isa = PBXResourcesBuildPhase;
			buildActionMask = 2147483647;
			files = (
				30BE467F23DB39A800B74ECA /* LaunchScreen.storyboard in Resources */,
				30BE467C23DB39A800B74ECA /* Assets.xcassets in Resources */,
				30BE467A23DB39A600B74ECA /* Main.storyboard in Resources */,
			);
			runOnlyForDeploymentPostprocessing = 0;
		};
/* End PBXResourcesBuildPhase section */

/* Begin PBXSourcesBuildPhase section */
		30BE466B23DB39A600B74ECA /* Sources */ = {
			isa = PBXSourcesBuildPhase;
			buildActionMask = 2147483647;
			files = (
				30B3DF3123DE597E007C3888 /* ImageStruct.swift in Sources */,
				30BE467723DB39A600B74ECA /* MainViewController.swift in Sources */,
				301DE268245A1CCF00C58F67 /* AddImageViewController.swift in Sources */,
				30BE467323DB39A600B74ECA /* AppDelegate.swift in Sources */,
				301DE265245A1AC900C58F67 /* CollectionViewCell.swift in Sources */,
				30B3DF3623DE5AB6007C3888 /* PersistenceHelper.swift in Sources */,
				30BE467523DB39A600B74ECA /* SceneDelegate.swift in Sources */,
				30B3DF3823DE5B9A007C3888 /* FileManager+Extensions.swift in Sources */,
			);
			runOnlyForDeploymentPostprocessing = 0;
		};
/* End PBXSourcesBuildPhase section */

/* Begin PBXVariantGroup section */
		30BE467823DB39A600B74ECA /* Main.storyboard */ = {
			isa = PBXVariantGroup;
			children = (
				30BE467923DB39A600B74ECA /* Base */,
			);
			name = Main.storyboard;
			sourceTree = "<group>";
		};
		30BE467D23DB39A800B74ECA /* LaunchScreen.storyboard */ = {
			isa = PBXVariantGroup;
			children = (
				30BE467E23DB39A800B74ECA /* Base */,
			);
			name = LaunchScreen.storyboard;
			sourceTree = "<group>";
		};
/* End PBXVariantGroup section */

/* Begin XCBuildConfiguration section */
		30BE468123DB39A800B74ECA /* Debug */ = {
			isa = XCBuildConfiguration;
			buildSettings = {
				ALWAYS_SEARCH_USER_PATHS = NO;
				CLANG_ANALYZER_NONNULL = YES;
				CLANG_ANALYZER_NUMBER_OBJECT_CONVERSION = YES_AGGRESSIVE;
				CLANG_CXX_LANGUAGE_STANDARD = "gnu++14";
				CLANG_CXX_LIBRARY = "libc++";
				CLANG_ENABLE_MODULES = YES;
				CLANG_ENABLE_OBJC_ARC = YES;
				CLANG_ENABLE_OBJC_WEAK = YES;
				CLANG_WARN_BLOCK_CAPTURE_AUTORELEASING = YES;
				CLANG_WARN_BOOL_CONVERSION = YES;
				CLANG_WARN_COMMA = YES;
				CLANG_WARN_CONSTANT_CONVERSION = YES;
				CLANG_WARN_DEPRECATED_OBJC_IMPLEMENTATIONS = YES;
				CLANG_WARN_DIRECT_OBJC_ISA_USAGE = YES_ERROR;
				CLANG_WARN_DOCUMENTATION_COMMENTS = YES;
				CLANG_WARN_EMPTY_BODY = YES;
				CLANG_WARN_ENUM_CONVERSION = YES;
				CLANG_WARN_INFINITE_RECURSION = YES;
				CLANG_WARN_INT_CONVERSION = YES;
				CLANG_WARN_NON_LITERAL_NULL_CONVERSION = YES;
				CLANG_WARN_OBJC_IMPLICIT_RETAIN_SELF = YES;
				CLANG_WARN_OBJC_LITERAL_CONVERSION = YES;
				CLANG_WARN_OBJC_ROOT_CLASS = YES_ERROR;
				CLANG_WARN_RANGE_LOOP_ANALYSIS = YES;
				CLANG_WARN_STRICT_PROTOTYPES = YES;
				CLANG_WARN_SUSPICIOUS_MOVE = YES;
				CLANG_WARN_UNGUARDED_AVAILABILITY = YES_AGGRESSIVE;
				CLANG_WARN_UNREACHABLE_CODE = YES;
				CLANG_WARN__DUPLICATE_METHOD_MATCH = YES;
				COPY_PHASE_STRIP = NO;
				DEBUG_INFORMATION_FORMAT = dwarf;
				ENABLE_STRICT_OBJC_MSGSEND = YES;
				ENABLE_TESTABILITY = YES;
				GCC_C_LANGUAGE_STANDARD = gnu11;
				GCC_DYNAMIC_NO_PIC = NO;
				GCC_NO_COMMON_BLOCKS = YES;
				GCC_OPTIMIZATION_LEVEL = 0;
				GCC_PREPROCESSOR_DEFINITIONS = (
					"DEBUG=1",
					"$(inherited)",
				);
				GCC_WARN_64_TO_32_BIT_CONVERSION = YES;
				GCC_WARN_ABOUT_RETURN_TYPE = YES_ERROR;
				GCC_WARN_UNDECLARED_SELECTOR = YES;
				GCC_WARN_UNINITIALIZED_AUTOS = YES_AGGRESSIVE;
				GCC_WARN_UNUSED_FUNCTION = YES;
				GCC_WARN_UNUSED_VARIABLE = YES;
				IPHONEOS_DEPLOYMENT_TARGET = 13.2;
				MTL_ENABLE_DEBUG_INFO = INCLUDE_SOURCE;
				MTL_FAST_MATH = YES;
				ONLY_ACTIVE_ARCH = YES;
				SDKROOT = iphoneos;
				SWIFT_ACTIVE_COMPILATION_CONDITIONS = DEBUG;
				SWIFT_OPTIMIZATION_LEVEL = "-Onone";
			};
			name = Debug;
		};
		30BE468223DB39A800B74ECA /* Release */ = {
			isa = XCBuildConfiguration;
			buildSettings = {
				ALWAYS_SEARCH_USER_PATHS = NO;
				CLANG_ANALYZER_NONNULL = YES;
				CLANG_ANALYZER_NUMBER_OBJECT_CONVERSION = YES_AGGRESSIVE;
				CLANG_CXX_LANGUAGE_STANDARD = "gnu++14";
				CLANG_CXX_LIBRARY = "libc++";
				CLANG_ENABLE_MODULES = YES;
				CLANG_ENABLE_OBJC_ARC = YES;
				CLANG_ENABLE_OBJC_WEAK = YES;
				CLANG_WARN_BLOCK_CAPTURE_AUTORELEASING = YES;
				CLANG_WARN_BOOL_CONVERSION = YES;
				CLANG_WARN_COMMA = YES;
				CLANG_WARN_CONSTANT_CONVERSION = YES;
				CLANG_WARN_DEPRECATED_OBJC_IMPLEMENTATIONS = YES;
				CLANG_WARN_DIRECT_OBJC_ISA_USAGE = YES_ERROR;
				CLANG_WARN_DOCUMENTATION_COMMENTS = YES;
				CLANG_WARN_EMPTY_BODY = YES;
				CLANG_WARN_ENUM_CONVERSION = YES;
				CLANG_WARN_INFINITE_RECURSION = YES;
				CLANG_WARN_INT_CONVERSION = YES;
				CLANG_WARN_NON_LITERAL_NULL_CONVERSION = YES;
				CLANG_WARN_OBJC_IMPLICIT_RETAIN_SELF = YES;
				CLANG_WARN_OBJC_LITERAL_CONVERSION = YES;
				CLANG_WARN_OBJC_ROOT_CLASS = YES_ERROR;
				CLANG_WARN_RANGE_LOOP_ANALYSIS = YES;
				CLANG_WARN_STRICT_PROTOTYPES = YES;
				CLANG_WARN_SUSPICIOUS_MOVE = YES;
				CLANG_WARN_UNGUARDED_AVAILABILITY = YES_AGGRESSIVE;
				CLANG_WARN_UNREACHABLE_CODE = YES;
				CLANG_WARN__DUPLICATE_METHOD_MATCH = YES;
				COPY_PHASE_STRIP = NO;
				DEBUG_INFORMATION_FORMAT = "dwarf-with-dsym";
				ENABLE_NS_ASSERTIONS = NO;
				ENABLE_STRICT_OBJC_MSGSEND = YES;
				GCC_C_LANGUAGE_STANDARD = gnu11;
				GCC_NO_COMMON_BLOCKS = YES;
				GCC_WARN_64_TO_32_BIT_CONVERSION = YES;
				GCC_WARN_ABOUT_RETURN_TYPE = YES_ERROR;
				GCC_WARN_UNDECLARED_SELECTOR = YES;
				GCC_WARN_UNINITIALIZED_AUTOS = YES_AGGRESSIVE;
				GCC_WARN_UNUSED_FUNCTION = YES;
				GCC_WARN_UNUSED_VARIABLE = YES;
				IPHONEOS_DEPLOYMENT_TARGET = 13.2;
				MTL_ENABLE_DEBUG_INFO = NO;
				MTL_FAST_MATH = YES;
				SDKROOT = iphoneos;
				SWIFT_COMPILATION_MODE = wholemodule;
				SWIFT_OPTIMIZATION_LEVEL = "-O";
				VALIDATE_PRODUCT = YES;
			};
			name = Release;
		};
		30BE468423DB39A800B74ECA /* Debug */ = {
			isa = XCBuildConfiguration;
			buildSettings = {
				ASSETCATALOG_COMPILER_APPICON_NAME = AppIcon;
				CODE_SIGN_STYLE = Automatic;
				DEVELOPMENT_TEAM = TTN2293JXM;
				INFOPLIST_FILE = "Pursuit-Core-iOS-PhotoJournal-Assignment/Info.plist";
				LD_RUNPATH_SEARCH_PATHS = (
					"$(inherited)",
					"@executable_path/Frameworks",
				);
				PRODUCT_BUNDLE_IDENTIFIER = "com.Jaheed.Pursuit-Core-iOS-PhotoJournal-Assignment";
				PRODUCT_NAME = "$(TARGET_NAME)";
				SWIFT_VERSION = 5.0;
				TARGETED_DEVICE_FAMILY = "1,2";
			};
			name = Debug;
		};
		30BE468523DB39A800B74ECA /* Release */ = {
			isa = XCBuildConfiguration;
			buildSettings = {
				ASSETCATALOG_COMPILER_APPICON_NAME = AppIcon;
				CODE_SIGN_STYLE = Automatic;
				DEVELOPMENT_TEAM = TTN2293JXM;
				INFOPLIST_FILE = "Pursuit-Core-iOS-PhotoJournal-Assignment/Info.plist";
				LD_RUNPATH_SEARCH_PATHS = (
					"$(inherited)",
					"@executable_path/Frameworks",
				);
				PRODUCT_BUNDLE_IDENTIFIER = "com.Jaheed.Pursuit-Core-iOS-PhotoJournal-Assignment";
				PRODUCT_NAME = "$(TARGET_NAME)";
				SWIFT_VERSION = 5.0;
				TARGETED_DEVICE_FAMILY = "1,2";
			};
			name = Release;
		};
/* End XCBuildConfiguration section */

/* Begin XCConfigurationList section */
		30BE466A23DB39A600B74ECA /* Build configuration list for PBXProject "Pursuit-Core-iOS-PhotoJournal-Assignment" */ = {
			isa = XCConfigurationList;
			buildConfigurations = (
				30BE468123DB39A800B74ECA /* Debug */,
				30BE468223DB39A800B74ECA /* Release */,
			);
			defaultConfigurationIsVisible = 0;
			defaultConfigurationName = Release;
		};
		30BE468323DB39A800B74ECA /* Build configuration list for PBXNativeTarget "Pursuit-Core-iOS-PhotoJournal-Assignment" */ = {
			isa = XCConfigurationList;
			buildConfigurations = (
				30BE468423DB39A800B74ECA /* Debug */,
				30BE468523DB39A800B74ECA /* Release */,
			);
			defaultConfigurationIsVisible = 0;
			defaultConfigurationName = Release;
		};
/* End XCConfigurationList section */

/* Begin XCRemoteSwiftPackageReference section */
		30B3DF3223DE5A89007C3888 /* XCRemoteSwiftPackageReference "ImageKit" */ = {
			isa = XCRemoteSwiftPackageReference;
			repositoryURL = "https://github.com/alexpaul/ImageKit";
			requirement = {
				kind = upToNextMajorVersion;
				minimumVersion = 1.0.4;
			};
		};
/* End XCRemoteSwiftPackageReference section */

/* Begin XCSwiftPackageProductDependency section */
		30B3DF3323DE5A89007C3888 /* ImageKit */ = {
			isa = XCSwiftPackageProductDependency;
			package = 30B3DF3223DE5A89007C3888 /* XCRemoteSwiftPackageReference "ImageKit" */;
			productName = ImageKit;
		};
/* End XCSwiftPackageProductDependency section */
	};
	rootObject = 30BE466723DB39A600B74ECA /* Project object */;
}
